
Microsoft Visual Studio Solution File, Format Version 12.00
# Visual Studio 14
VisualStudioVersion = 14.0.24720.0
MinimumVisualStudioVersion = 10.0.40219.1
Project("{FAE04EC0-301F-11D3-BF4B-00C04F79EFBC}") = "30SecondsConsole", "30SecondsConsole\30SecondsConsole.csproj", "{377DAEF5-7692-4D6A-8F3E-37A5ADD422D6}"
EndProject
Project("{FAE04EC0-301F-11D3-BF4B-00C04F79EFBC}") = "30SecondsCore", "30SecondsCore\30SecondsCore.csproj", "{06852435-92E3-4098-B7A1-A1A357A09E40}"
EndProject
Global
	GlobalSection(SolutionConfigurationPlatforms) = preSolution
		Debug|Any CPU = Debug|Any CPU
		Release|Any CPU = Release|Any CPU
	EndGlobalSection
	GlobalSection(ProjectConfigurationPlatforms) = postSolution
		{377DAEF5-7692-4D6A-8F3E-37A5ADD422D6}.Debug|Any CPU.ActiveCfg = Debug|Any CPU
		{377DAEF5-7692-4D6A-8F3E-37A5ADD422D6}.Debug|Any CPU.Build.0 = Debug|Any CPU
		{377DAEF5-7692-4D6A-8F3E-37A5ADD422D6}.Release|Any CPU.ActiveCfg = Release|Any CPU
		{377DAEF5-7692-4D6A-8F3E-37A5ADD422D6}.Release|Any CPU.Build.0 = Release|Any CPU
		{06852435-92E3-4098-B7A1-A1A357A09E40}.Debug|Any CPU.ActiveCfg = Debug|Any CPU
		{06852435-92E3-4098-B7A1-A1A357A09E40}.Debug|Any CPU.Build.0 = Debug|Any CPU
		{06852435-92E3-4098-B7A1-A1A357A09E40}.Release|Any CPU.ActiveCfg = Release|Any CPU
		{06852435-92E3-4098-B7A1-A1A357A09E40}.Release|Any CPU.Build.0 = Release|Any CPU
	EndGlobalSection
	GlobalSection(SolutionProperties) = preSolution
		HideSolutionNode = FALSE
	EndGlobalSection
EndGlobal
